// !$*UTF8*$!
{
	archiveVersion = 1;
	classes = {
	};
	objectVersion = 77;
	objects = {

/* Begin PBXBuildFile section */
		576FD3412DA683AB003CC5D6 /* Assets.xcassets in Resources */ = {isa = PBXBuildFile; fileRef = 576FD33E2DA683AB003CC5D6 /* Assets.xcassets */; };
		576FD3422DA683AB003CC5D6 /* RippleTransitionApp.swift in Sources */ = {isa = PBXBuildFile; fileRef = 576FD3372DA683AB003CC5D6 /* RippleTransitionApp.swift */; };
		576FD3432DA683AB003CC5D6 /* ContentView.swift in Sources */ = {isa = PBXBuildFile; fileRef = 576FD33C2DA683AB003CC5D6 /* ContentView.swift */; };
		576FD3442DA683AB003CC5D6 /* Ripple.swift in Sources */ = {isa = PBXBuildFile; fileRef = 576FD33F2DA683AB003CC5D6 /* Ripple.swift */; };
		576FD3462DA683BE003CC5D6 /* RippleViewModel.swift in Sources */ = {isa = PBXBuildFile; fileRef = 576FD3452DA683BE003CC5D6 /* RippleViewModel.swift */; };
		576FD3482DA68401003CC5D6 /* RippleTransition.swift in Sources */ = {isa = PBXBuildFile; fileRef = 576FD3472DA68401003CC5D6 /* RippleTransition.swift */; };
/* End PBXBuildFile section */

/* Begin PBXFileReference section */
		576FD3222DA671E7003CC5D6 /* RippleTransition.app */ = {isa = PBXFileReference; explicitFileType = wrapper.application; includeInIndex = 0; path = RippleTransition.app; sourceTree = BUILT_PRODUCTS_DIR; };
		576FD3372DA683AB003CC5D6 /* RippleTransitionApp.swift */ = {isa = PBXFileReference; lastKnownFileType = sourcecode.swift; path = RippleTransitionApp.swift; sourceTree = "<group>"; };
		576FD33C2DA683AB003CC5D6 /* ContentView.swift */ = {isa = PBXFileReference; lastKnownFileType = sourcecode.swift; path = ContentView.swift; sourceTree = "<group>"; };
		576FD33E2DA683AB003CC5D6 /* Assets.xcassets */ = {isa = PBXFileReference; lastKnownFileType = folder.assetcatalog; path = Assets.xcassets; sourceTree = "<group>"; };
		576FD33F2DA683AB003CC5D6 /* Ripple.swift */ = {isa = PBXFileReference; lastKnownFileType = sourcecode.swift; path = Ripple.swift; sourceTree = "<group>"; };
		576FD3452DA683BE003CC5D6 /* RippleViewModel.swift */ = {isa = PBXFileReference; lastKnownFileType = sourcecode.swift; path = RippleViewModel.swift; sourceTree = "<group>"; };
		576FD3472DA68401003CC5D6 /* RippleTransition.swift */ = {isa = PBXFileReference; lastKnownFileType = sourcecode.swift; path = RippleTransition.swift; sourceTree = "<group>"; };
/* End PBXFileReference section */

/* Begin PBXFrameworksBuildPhase section */
		576FD31F2DA671E7003CC5D6 /* Frameworks */ = {
			isa = PBXFrameworksBuildPhase;
			buildActionMask = 2147483647;
			files = (
			);
			runOnlyForDeploymentPostprocessing = 0;
		};
/* End PBXFrameworksBuildPhase section */

/* Begin PBXGroup section */
		576FD3192DA671E7003CC5D6 = {
			isa = PBXGroup;
			children = (
				576FD3402DA683AB003CC5D6 /* RippleTransition */,
				576FD3232DA671E7003CC5D6 /* Products */,
			);
			sourceTree = "<group>";
		};
		576FD3232DA671E7003CC5D6 /* Products */ = {
			isa = PBXGroup;
			children = (
				576FD3222DA671E7003CC5D6 /* RippleTransition.app */,
			);
			name = Products;
			sourceTree = "<group>";
		};
		576FD3382DA683AB003CC5D6 /* App */ = {
			isa = PBXGroup;
			children = (
				576FD3372DA683AB003CC5D6 /* RippleTransitionApp.swift */,
			);
			path = App;
			sourceTree = "<group>";
		};
		576FD3392DA683AB003CC5D6 /* Models */ = {
			isa = PBXGroup;
			children = (
			);
			path = Models;
			sourceTree = "<group>";
		};
		576FD33A2DA683AB003CC5D6 /* Utilities */ = {
			isa = PBXGroup;
			children = (
				576FD3472DA68401003CC5D6 /* RippleTransition.swift */,
			);
			path = Utilities;
			sourceTree = "<group>";
		};
		576FD33B2DA683AB003CC5D6 /* ViewModels */ = {
			isa = PBXGroup;
			children = (
				576FD3452DA683BE003CC5D6 /* RippleViewModel.swift */,
			);
			path = ViewModels;
			sourceTree = "<group>";
		};
		576FD33D2DA683AB003CC5D6 /* Views */ = {
			isa = PBXGroup;
			children = (
				576FD33C2DA683AB003CC5D6 /* ContentView.swift */,
			);
			path = Views;
			sourceTree = "<group>";
		};
		576FD3402DA683AB003CC5D6 /* RippleTransition */ = {
			isa = PBXGroup;
			children = (
				576FD3382DA683AB003CC5D6 /* App */,
				576FD3392DA683AB003CC5D6 /* Models */,
				576FD33B2DA683AB003CC5D6 /* ViewModels */,
				576FD33D2DA683AB003CC5D6 /* Views */,
				576FD33A2DA683AB003CC5D6 /* Utilities */,
				576FD33E2DA683AB003CC5D6 /* Assets.xcassets */,
				576FD33F2DA683AB003CC5D6 /* Ripple.swift */,
			);
			path = RippleTransition;
			sourceTree = "<group>";
		};
/* End PBXGroup section */

/* Begin PBXNativeTarget section */
		576FD3212DA671E7003CC5D6 /* RippleTransition */ = {
			isa = PBXNativeTarget;
			buildConfigurationList = 576FD32D2DA671E8003CC5D6 /* Build configuration list for PBXNativeTarget "RippleTransition" */;
			buildPhases = (
				576FD31E2DA671E7003CC5D6 /* Sources */,
				576FD31F2DA671E7003CC5D6 /* Frameworks */,
				576FD3202DA671E7003CC5D6 /* Resources */,
			);
			buildRules = (
			);
			dependencies = (
			);
			name = RippleTransition;
			packageProductDependencies = (
			);
			productName = RippleTransition;
			productReference = 576FD3222DA671E7003CC5D6 /* RippleTransition.app */;
			productType = "com.apple.product-type.application";
		};
/* End PBXNativeTarget section */

/* Begin PBXProject section */
		576FD31A2DA671E7003CC5D6 /* Project object */ = {
			isa = PBXProject;
			attributes = {
				BuildIndependentTargetsInParallel = 1;
				LastSwiftUpdateCheck = 1630;
				LastUpgradeCheck = 1630;
				TargetAttributes = {
					576FD3212DA671E7003CC5D6 = {
						CreatedOnToolsVersion = 16.3;
					};
				};
			};
			buildConfigurationList = 576FD31D2DA671E7003CC5D6 /* Build configuration list for PBXProject "RippleTransition" */;
			developmentRegion = en;
			hasScannedForEncodings = 0;
			knownRegions = (
				en,
				Base,
			);
			mainGroup = 576FD3192DA671E7003CC5D6;
			minimizedProjectReferenceProxies = 1;
			preferredProjectObjectVersion = 77;
			productRefGroup = 576FD3232DA671E7003CC5D6 /* Products */;
			projectDirPath = "";
			projectRoot = "";
			targets = (
				576FD3212DA671E7003CC5D6 /* RippleTransition */,
			);
		};
/* End PBXProject section */

/* Begin PBXResourcesBuildPhase section */
		576FD3202DA671E7003CC5D6 /* Resources */ = {
			isa = PBXResourcesBuildPhase;
			buildActionMask = 2147483647;
			files = (
				576FD3412DA683AB003CC5D6 /* Assets.xcassets in Resources */,
			);
			runOnlyForDeploymentPostprocessing = 0;
		};
/* End PBXResourcesBuildPhase section */

/* Begin PBXSourcesBuildPhase section */
		576FD31E2DA671E7003CC5D6 /* Sources */ = {
			isa = PBXSourcesBuildPhase;
			buildActionMask = 2147483647;
			files = (
				576FD3482DA68401003CC5D6 /* RippleTransition.swift in Sources */,
				576FD3462DA683BE003CC5D6 /* RippleViewModel.swift in Sources */,
				576FD3422DA683AB003CC5D6 /* RippleTransitionApp.swift in Sources */,
				576FD3432DA683AB003CC5D6 /* ContentView.swift in Sources */,
				576FD3442DA683AB003CC5D6 /* Ripple.swift in Sources */,
			);
			runOnlyForDeploymentPostprocessing = 0;
		};
/* End PBXSourcesBuildPhase section */

/* Begin XCBuildConfiguration section */
		576FD32B2DA671E8003CC5D6 /* Debug */ = {
			isa = XCBuildConfiguration;
			buildSettings = {
				ALWAYS_SEARCH_USER_PATHS = NO;
				ASSETCATALOG_COMPILER_GENERATE_SWIFT_ASSET_SYMBOL_EXTENSIONS = YES;
				CLANG_ANALYZER_NONNULL = YES;
				CLANG_ANALYZER_NUMBER_OBJECT_CONVERSION = YES_AGGRESSIVE;
				CLANG_CXX_LANGUAGE_STANDARD = "gnu++20";
				CLANG_ENABLE_MODULES = YES;
				CLANG_ENABLE_OBJC_ARC = YES;
				CLANG_ENABLE_OBJC_WEAK = YES;
				CLANG_WARN_BLOCK_CAPTURE_AUTORELEASING = YES;
				CLANG_WARN_BOOL_CONVERSION = YES;
				CLANG_WARN_COMMA = YES;
				CLANG_WARN_CONSTANT_CONVERSION = YES;
				CLANG_WARN_DEPRECATED_OBJC_IMPLEMENTATIONS = YES;
				CLANG_WARN_DIRECT_OBJC_ISA_USAGE = YES_ERROR;
				CLANG_WARN_DOCUMENTATION_COMMENTS = YES;
				CLANG_WARN_EMPTY_BODY = YES;
				CLANG_WARN_ENUM_CONVERSION = YES;
				CLANG_WARN_INFINITE_RECURSION = YES;
				CLANG_WARN_INT_CONVERSION = YES;
				CLANG_WARN_NON_LITERAL_NULL_CONVERSION = YES;
				CLANG_WARN_OBJC_IMPLICIT_RETAIN_SELF = YES;
				CLANG_WARN_OBJC_LITERAL_CONVERSION = YES;
				CLANG_WARN_OBJC_ROOT_CLASS = YES_ERROR;
				CLANG_WARN_QUOTED_INCLUDE_IN_FRAMEWORK_HEADER = YES;
				CLANG_WARN_RANGE_LOOP_ANALYSIS = YES;
				CLANG_WARN_STRICT_PROTOTYPES = YES;
				CLANG_WARN_SUSPICIOUS_MOVE = YES;
				CLANG_WARN_UNGUARDED_AVAILABILITY = YES_AGGRESSIVE;
				CLANG_WARN_UNREACHABLE_CODE = YES;
				CLANG_WARN__DUPLICATE_METHOD_MATCH = YES;
				COPY_PHASE_STRIP = NO;
				DEBUG_INFORMATION_FORMAT = dwarf;
				ENABLE_STRICT_OBJC_MSGSEND = YES;
				ENABLE_TESTABILITY = YES;
				ENABLE_USER_SCRIPT_SANDBOXING = YES;
				GCC_C_LANGUAGE_STANDARD = gnu17;
				GCC_DYNAMIC_NO_PIC = NO;
				GCC_NO_COMMON_BLOCKS = YES;
				GCC_OPTIMIZATION_LEVEL = 0;
				GCC_PREPROCESSOR_DEFINITIONS = (
					"DEBUG=1",
					"$(inherited)",
				);
				GCC_WARN_64_TO_32_BIT_CONVERSION = YES;
				GCC_WARN_ABOUT_RETURN_TYPE = YES_ERROR;
				GCC_WARN_UNDECLARED_SELECTOR = YES;
				GCC_WARN_UNINITIALIZED_AUTOS = YES_AGGRESSIVE;
				GCC_WARN_UNUSED_FUNCTION = YES;
				GCC_WARN_UNUSED_VARIABLE = YES;
				IPHONEOS_DEPLOYMENT_TARGET = 18.4;
				LOCALIZATION_PREFERS_STRING_CATALOGS = YES;
				MTL_ENABLE_DEBUG_INFO = INCLUDE_SOURCE;
				MTL_FAST_MATH = YES;
				ONLY_ACTIVE_ARCH = YES;
				SDKROOT = iphoneos;
				SWIFT_ACTIVE_COMPILATION_CONDITIONS = "DEBUG $(inherited)";
				SWIFT_OPTIMIZATION_LEVEL = "-Onone";
			};
			name = Debug;
		};
		576FD32C2DA671E8003CC5D6 /* Release */ = {
			isa = XCBuildConfiguration;
			buildSettings = {
				ALWAYS_SEARCH_USER_PATHS = NO;
				ASSETCATALOG_COMPILER_GENERATE_SWIFT_ASSET_SYMBOL_EXTENSIONS = YES;
				CLANG_ANALYZER_NONNULL = YES;
				CLANG_ANALYZER_NUMBER_OBJECT_CONVERSION = YES_AGGRESSIVE;
				CLANG_CXX_LANGUAGE_STANDARD = "gnu++20";
				CLANG_ENABLE_MODULES = YES;
				CLANG_ENABLE_OBJC_ARC = YES;
				CLANG_ENABLE_OBJC_WEAK = YES;
				CLANG_WARN_BLOCK_CAPTURE_AUTORELEASING = YES;
				CLANG_WARN_BOOL_CONVERSION = YES;
				CLANG_WARN_COMMA = YES;
				CLANG_WARN_CONSTANT_CONVERSION = YES;
				CLANG_WARN_DEPRECATED_OBJC_IMPLEMENTATIONS = YES;
				CLANG_WARN_DIRECT_OBJC_ISA_USAGE = YES_ERROR;
				CLANG_WARN_DOCUMENTATION_COMMENTS = YES;
				CLANG_WARN_EMPTY_BODY = YES;
				CLANG_WARN_ENUM_CONVERSION = YES;
				CLANG_WARN_INFINITE_RECURSION = YES;
				CLANG_WARN_INT_CONVERSION = YES;
				CLANG_WARN_NON_LITERAL_NULL_CONVERSION = YES;
				CLANG_WARN_OBJC_IMPLICIT_RETAIN_SELF = YES;
				CLANG_WARN_OBJC_LITERAL_CONVERSION = YES;
				CLANG_WARN_OBJC_ROOT_CLASS = YES_ERROR;
				CLANG_WARN_QUOTED_INCLUDE_IN_FRAMEWORK_HEADER = YES;
				CLANG_WARN_RANGE_LOOP_ANALYSIS = YES;
				CLANG_WARN_STRICT_PROTOTYPES = YES;
				CLANG_WARN_SUSPICIOUS_MOVE = YES;
				CLANG_WARN_UNGUARDED_AVAILABILITY = YES_AGGRESSIVE;
				CLANG_WARN_UNREACHABLE_CODE = YES;
				CLANG_WARN__DUPLICATE_METHOD_MATCH = YES;
				COPY_PHASE_STRIP = NO;
				DEBUG_INFORMATION_FORMAT = "dwarf-with-dsym";
				ENABLE_NS_ASSERTIONS = NO;
				ENABLE_STRICT_OBJC_MSGSEND = YES;
				ENABLE_USER_SCRIPT_SANDBOXING = YES;
				GCC_C_LANGUAGE_STANDARD = gnu17;
				GCC_NO_COMMON_BLOCKS = YES;
				GCC_WARN_64_TO_32_BIT_CONVERSION = YES;
				GCC_WARN_ABOUT_RETURN_TYPE = YES_ERROR;
				GCC_WARN_UNDECLARED_SELECTOR = YES;
				GCC_WARN_UNINITIALIZED_AUTOS = YES_AGGRESSIVE;
				GCC_WARN_UNUSED_FUNCTION = YES;
				GCC_WARN_UNUSED_VARIABLE = YES;
				IPHONEOS_DEPLOYMENT_TARGET = 18.4;
				LOCALIZATION_PREFERS_STRING_CATALOGS = YES;
				MTL_ENABLE_DEBUG_INFO = NO;
				MTL_FAST_MATH = YES;
				SDKROOT = iphoneos;
				SWIFT_COMPILATION_MODE = wholemodule;
				VALIDATE_PRODUCT = YES;
			};
			name = Release;
		};
		576FD32E2DA671E8003CC5D6 /* Debug */ = {
			isa = XCBuildConfiguration;
			buildSettings = {
				ASSETCATALOG_COMPILER_APPICON_NAME = AppIcon;
				ASSETCATALOG_COMPILER_GLOBAL_ACCENT_COLOR_NAME = AccentColor;
				CODE_SIGN_STYLE = Automatic;
				CURRENT_PROJECT_VERSION = 1;
				ENABLE_PREVIEWS = YES;
				GENERATE_INFOPLIST_FILE = YES;
				INFOPLIST_KEY_UIApplicationSceneManifest_Generation = YES;
				INFOPLIST_KEY_UIApplicationSupportsIndirectInputEvents = YES;
				INFOPLIST_KEY_UILaunchScreen_Generation = YES;
				INFOPLIST_KEY_UISupportedInterfaceOrientations_iPad = "UIInterfaceOrientationPortrait UIInterfaceOrientationPortraitUpsideDown UIInterfaceOrientationLandscapeLeft UIInterfaceOrientationLandscapeRight";
				INFOPLIST_KEY_UISupportedInterfaceOrientations_iPhone = "UIInterfaceOrientationPortrait UIInterfaceOrientationLandscapeLeft UIInterfaceOrientationLandscapeRight";
				LD_RUNPATH_SEARCH_PATHS = (
					"$(inherited)",
					"@executable_path/Frameworks",
				);
				MARKETING_VERSION = 1.0;
				PRODUCT_BUNDLE_IDENTIFIER = com.hiroDaegu.RippleTransition;
				PRODUCT_NAME = "$(TARGET_NAME)";
				SWIFT_EMIT_LOC_STRINGS = YES;
				SWIFT_VERSION = 5.0;
				TARGETED_DEVICE_FAMILY = "1,2";
			};
			name = Debug;
		};
		576FD32F2DA671E8003CC5D6 /* Release */ = {
			isa = XCBuildConfiguration;
			buildSettings = {
				ASSETCATALOG_COMPILER_APPICON_NAME = AppIcon;
				ASSETCATALOG_COMPILER_GLOBAL_ACCENT_COLOR_NAME = AccentColor;
				CODE_SIGN_STYLE = Automatic;
				CURRENT_PROJECT_VERSION = 1;
				ENABLE_PREVIEWS = YES;
				GENERATE_INFOPLIST_FILE = YES;
				INFOPLIST_KEY_UIApplicationSceneManifest_Generation = YES;
				INFOPLIST_KEY_UIApplicationSupportsIndirectInputEvents = YES;
				INFOPLIST_KEY_UILaunchScreen_Generation = YES;
				INFOPLIST_KEY_UISupportedInterfaceOrientations_iPad = "UIInterfaceOrientationPortrait UIInterfaceOrientationPortraitUpsideDown UIInterfaceOrientationLandscapeLeft UIInterfaceOrientationLandscapeRight";
				INFOPLIST_KEY_UISupportedInterfaceOrientations_iPhone = "UIInterfaceOrientationPortrait UIInterfaceOrientationLandscapeLeft UIInterfaceOrientationLandscapeRight";
				LD_RUNPATH_SEARCH_PATHS = (
					"$(inherited)",
					"@executable_path/Frameworks",
				);
				MARKETING_VERSION = 1.0;
				PRODUCT_BUNDLE_IDENTIFIER = com.hiroDaegu.RippleTransition;
				PRODUCT_NAME = "$(TARGET_NAME)";
				SWIFT_EMIT_LOC_STRINGS = YES;
				SWIFT_VERSION = 5.0;
				TARGETED_DEVICE_FAMILY = "1,2";
			};
			name = Release;
		};
/* End XCBuildConfiguration section */

/* Begin XCConfigurationList section */
		576FD31D2DA671E7003CC5D6 /* Build configuration list for PBXProject "RippleTransition" */ = {
			isa = XCConfigurationList;
			buildConfigurations = (
				576FD32B2DA671E8003CC5D6 /* Debug */,
				576FD32C2DA671E8003CC5D6 /* Release */,
			);
			defaultConfigurationIsVisible = 0;
			defaultConfigurationName = Release;
		};
		576FD32D2DA671E8003CC5D6 /* Build configuration list for PBXNativeTarget "RippleTransition" */ = {
			isa = XCConfigurationList;
			buildConfigurations = (
				576FD32E2DA671E8003CC5D6 /* Debug */,
				576FD32F2DA671E8003CC5D6 /* Release */,
			);
			defaultConfigurationIsVisible = 0;
			defaultConfigurationName = Release;
		};
/* End XCConfigurationList section */
	};
	rootObject = 576FD31A2DA671E7003CC5D6 /* Project object */;
}
