// !$*UTF8*$!
{
	archiveVersion = 1;
	classes = {
	};
	objectVersion = 77;
	objects = {

/* Begin PBXBuildFile section */
		161FCC0B2D7C6D550068B749 /* Preview Assets.xcassets in Resources */ = {isa = PBXBuildFile; fileRef = 161FCC052D7C6D550068B749 /* Preview Assets.xcassets */; };
		161FCC0C2D7C6D550068B749 /* Assets.xcassets in Resources */ = {isa = PBXBuildFile; fileRef = 161FCC072D7C6D550068B749 /* Assets.xcassets */; };
		161FCC0D2D7C6D550068B749 /* ContentView.swift in Sources */ = {isa = PBXBuildFile; fileRef = 161FCC082D7C6D550068B749 /* ContentView.swift */; };
		161FCC0E2D7C6D550068B749 /* InteractiveTabBarApp.swift in Sources */ = {isa = PBXBuildFile; fileRef = 161FCC092D7C6D550068B749 /* InteractiveTabBarApp.swift */; };
		161FCC142D7C6D850068B749 /* TabItem.swift in Sources */ = {isa = PBXBuildFile; fileRef = 161FCC132D7C6D850068B749 /* TabItem.swift */; };
		161FCC162D7C6E5F0068B749 /* TabBarViewModel.swift in Sources */ = {isa = PBXBuildFile; fileRef = 161FCC152D7C6E5F0068B749 /* TabBarViewModel.swift */; };
		161FCC182D7C6E9F0068B749 /* ViewModifiers.swift in Sources */ = {isa = PBXBuildFile; fileRef = 161FCC172D7C6E9E0068B749 /* ViewModifiers.swift */; };
		161FCC1A2D7C6F210068B749 /* TabBarView.swift in Sources */ = {isa = PBXBuildFile; fileRef = 161FCC192D7C6F210068B749 /* TabBarView.swift */; };
		161FCC1C2D7C6F310068B749 /* TabButtonView.swift in Sources */ = {isa = PBXBuildFile; fileRef = 161FCC1B2D7C6F310068B749 /* TabButtonView.swift */; };
/* End PBXBuildFile section */

/* Begin PBXFileReference section */
		161FCC052D7C6D550068B749 /* Preview Assets.xcassets */ = {isa = PBXFileReference; lastKnownFileType = folder.assetcatalog; path = "Preview Assets.xcassets"; sourceTree = "<group>"; };
		161FCC072D7C6D550068B749 /* Assets.xcassets */ = {isa = PBXFileReference; lastKnownFileType = folder.assetcatalog; path = Assets.xcassets; sourceTree = "<group>"; };
		161FCC082D7C6D550068B749 /* ContentView.swift */ = {isa = PBXFileReference; lastKnownFileType = sourcecode.swift; path = ContentView.swift; sourceTree = "<group>"; };
		161FCC092D7C6D550068B749 /* InteractiveTabBarApp.swift */ = {isa = PBXFileReference; lastKnownFileType = sourcecode.swift; path = InteractiveTabBarApp.swift; sourceTree = "<group>"; };
		161FCC132D7C6D850068B749 /* TabItem.swift */ = {isa = PBXFileReference; lastKnownFileType = sourcecode.swift; path = TabItem.swift; sourceTree = "<group>"; };
		161FCC152D7C6E5F0068B749 /* TabBarViewModel.swift */ = {isa = PBXFileReference; lastKnownFileType = sourcecode.swift; path = TabBarViewModel.swift; sourceTree = "<group>"; };
		161FCC172D7C6E9E0068B749 /* ViewModifiers.swift */ = {isa = PBXFileReference; lastKnownFileType = sourcecode.swift; path = ViewModifiers.swift; sourceTree = "<group>"; };
		161FCC192D7C6F210068B749 /* TabBarView.swift */ = {isa = PBXFileReference; lastKnownFileType = sourcecode.swift; path = TabBarView.swift; sourceTree = "<group>"; };
		161FCC1B2D7C6F310068B749 /* TabButtonView.swift */ = {isa = PBXFileReference; lastKnownFileType = sourcecode.swift; path = TabButtonView.swift; sourceTree = "<group>"; };
		16F2470C2D7C56930083F05A /* InteractiveTabBar.app */ = {isa = PBXFileReference; explicitFileType = wrapper.application; includeInIndex = 0; path = InteractiveTabBar.app; sourceTree = BUILT_PRODUCTS_DIR; };
/* End PBXFileReference section */

/* Begin PBXFrameworksBuildPhase section */
		16F247092D7C56930083F05A /* Frameworks */ = {
			isa = PBXFrameworksBuildPhase;
			buildActionMask = 2147483647;
			files = (
			);
			runOnlyForDeploymentPostprocessing = 0;
		};
/* End PBXFrameworksBuildPhase section */

/* Begin PBXGroup section */
		161FCC062D7C6D550068B749 /* Preview Content */ = {
			isa = PBXGroup;
			children = (
				161FCC052D7C6D550068B749 /* Preview Assets.xcassets */,
			);
			path = "Preview Content";
			sourceTree = "<group>";
		};
		161FCC0A2D7C6D550068B749 /* InteractiveTabBar */ = {
			isa = PBXGroup;
			children = (
				161FCC122D7C6D720068B749 /* Models */,
				161FCC112D7C6D6C0068B749 /* ViewModels */,
				161FCC102D7C6D660068B749 /* Views */,
				161FCC0F2D7C6D5C0068B749 /* Helpers */,
				161FCC062D7C6D550068B749 /* Preview Content */,
				161FCC072D7C6D550068B749 /* Assets.xcassets */,
				161FCC092D7C6D550068B749 /* InteractiveTabBarApp.swift */,
			);
			path = InteractiveTabBar;
			sourceTree = "<group>";
		};
		161FCC0F2D7C6D5C0068B749 /* Helpers */ = {
			isa = PBXGroup;
			children = (
				161FCC172D7C6E9E0068B749 /* ViewModifiers.swift */,
			);
			path = Helpers;
			sourceTree = "<group>";
		};
		161FCC102D7C6D660068B749 /* Views */ = {
			isa = PBXGroup;
			children = (
				161FCC082D7C6D550068B749 /* ContentView.swift */,
				161FCC192D7C6F210068B749 /* TabBarView.swift */,
				161FCC1B2D7C6F310068B749 /* TabButtonView.swift */,
			);
			path = Views;
			sourceTree = "<group>";
		};
		161FCC112D7C6D6C0068B749 /* ViewModels */ = {
			isa = PBXGroup;
			children = (
				161FCC152D7C6E5F0068B749 /* TabBarViewModel.swift */,
			);
			path = ViewModels;
			sourceTree = "<group>";
		};
		161FCC122D7C6D720068B749 /* Models */ = {
			isa = PBXGroup;
			children = (
				161FCC132D7C6D850068B749 /* TabItem.swift */,
			);
			path = Models;
			sourceTree = "<group>";
		};
		16F247032D7C56930083F05A = {
			isa = PBXGroup;
			children = (
				161FCC0A2D7C6D550068B749 /* InteractiveTabBar */,
				16F2470D2D7C56930083F05A /* Products */,
			);
			sourceTree = "<group>";
		};
		16F2470D2D7C56930083F05A /* Products */ = {
			isa = PBXGroup;
			children = (
				16F2470C2D7C56930083F05A /* InteractiveTabBar.app */,
			);
			name = Products;
			sourceTree = "<group>";
		};
/* End PBXGroup section */

/* Begin PBXNativeTarget section */
		16F2470B2D7C56930083F05A /* InteractiveTabBar */ = {
			isa = PBXNativeTarget;
			buildConfigurationList = 16F2471A2D7C56950083F05A /* Build configuration list for PBXNativeTarget "InteractiveTabBar" */;
			buildPhases = (
				16F247082D7C56930083F05A /* Sources */,
				16F247092D7C56930083F05A /* Frameworks */,
				16F2470A2D7C56930083F05A /* Resources */,
			);
			buildRules = (
			);
			dependencies = (
			);
			name = InteractiveTabBar;
			packageProductDependencies = (
			);
			productName = InteractiveTabBar;
			productReference = 16F2470C2D7C56930083F05A /* InteractiveTabBar.app */;
			productType = "com.apple.product-type.application";
		};
/* End PBXNativeTarget section */

/* Begin PBXProject section */
		16F247042D7C56930083F05A /* Project object */ = {
			isa = PBXProject;
			attributes = {
				BuildIndependentTargetsInParallel = 1;
				LastSwiftUpdateCheck = 1620;
				LastUpgradeCheck = 1620;
				TargetAttributes = {
					16F2470B2D7C56930083F05A = {
						CreatedOnToolsVersion = 16.2;
					};
				};
			};
			buildConfigurationList = 16F247072D7C56930083F05A /* Build configuration list for PBXProject "InteractiveTabBar" */;
			developmentRegion = en;
			hasScannedForEncodings = 0;
			knownRegions = (
				en,
				Base,
			);
			mainGroup = 16F247032D7C56930083F05A;
			minimizedProjectReferenceProxies = 1;
			preferredProjectObjectVersion = 77;
			productRefGroup = 16F2470D2D7C56930083F05A /* Products */;
			projectDirPath = "";
			projectRoot = "";
			targets = (
				16F2470B2D7C56930083F05A /* InteractiveTabBar */,
			);
		};
/* End PBXProject section */

/* Begin PBXResourcesBuildPhase section */
		16F2470A2D7C56930083F05A /* Resources */ = {
			isa = PBXResourcesBuildPhase;
			buildActionMask = 2147483647;
			files = (
				161FCC0B2D7C6D550068B749 /* Preview Assets.xcassets in Resources */,
				161FCC0C2D7C6D550068B749 /* Assets.xcassets in Resources */,
			);
			runOnlyForDeploymentPostprocessing = 0;
		};
/* End PBXResourcesBuildPhase section */

/* Begin PBXSourcesBuildPhase section */
		16F247082D7C56930083F05A /* Sources */ = {
			isa = PBXSourcesBuildPhase;
			buildActionMask = 2147483647;
			files = (
				161FCC182D7C6E9F0068B749 /* ViewModifiers.swift in Sources */,
				161FCC162D7C6E5F0068B749 /* TabBarViewModel.swift in Sources */,
				161FCC1C2D7C6F310068B749 /* TabButtonView.swift in Sources */,
				161FCC0D2D7C6D550068B749 /* ContentView.swift in Sources */,
				161FCC0E2D7C6D550068B749 /* InteractiveTabBarApp.swift in Sources */,
				161FCC1A2D7C6F210068B749 /* TabBarView.swift in Sources */,
				161FCC142D7C6D850068B749 /* TabItem.swift in Sources */,
			);
			runOnlyForDeploymentPostprocessing = 0;
		};
/* End PBXSourcesBuildPhase section */

/* Begin XCBuildConfiguration section */
		16F247182D7C56950083F05A /* Debug */ = {
			isa = XCBuildConfiguration;
			buildSettings = {
				ALWAYS_SEARCH_USER_PATHS = NO;
				ASSETCATALOG_COMPILER_GENERATE_SWIFT_ASSET_SYMBOL_EXTENSIONS = YES;
				CLANG_ANALYZER_NONNULL = YES;
				CLANG_ANALYZER_NUMBER_OBJECT_CONVERSION = YES_AGGRESSIVE;
				CLANG_CXX_LANGUAGE_STANDARD = "gnu++20";
				CLANG_ENABLE_MODULES = YES;
				CLANG_ENABLE_OBJC_ARC = YES;
				CLANG_ENABLE_OBJC_WEAK = YES;
				CLANG_WARN_BLOCK_CAPTURE_AUTORELEASING = YES;
				CLANG_WARN_BOOL_CONVERSION = YES;
				CLANG_WARN_COMMA = YES;
				CLANG_WARN_CONSTANT_CONVERSION = YES;
				CLANG_WARN_DEPRECATED_OBJC_IMPLEMENTATIONS = YES;
				CLANG_WARN_DIRECT_OBJC_ISA_USAGE = YES_ERROR;
				CLANG_WARN_DOCUMENTATION_COMMENTS = YES;
				CLANG_WARN_EMPTY_BODY = YES;
				CLANG_WARN_ENUM_CONVERSION = YES;
				CLANG_WARN_INFINITE_RECURSION = YES;
				CLANG_WARN_INT_CONVERSION = YES;
				CLANG_WARN_NON_LITERAL_NULL_CONVERSION = YES;
				CLANG_WARN_OBJC_IMPLICIT_RETAIN_SELF = YES;
				CLANG_WARN_OBJC_LITERAL_CONVERSION = YES;
				CLANG_WARN_OBJC_ROOT_CLASS = YES_ERROR;
				CLANG_WARN_QUOTED_INCLUDE_IN_FRAMEWORK_HEADER = YES;
				CLANG_WARN_RANGE_LOOP_ANALYSIS = YES;
				CLANG_WARN_STRICT_PROTOTYPES = YES;
				CLANG_WARN_SUSPICIOUS_MOVE = YES;
				CLANG_WARN_UNGUARDED_AVAILABILITY = YES_AGGRESSIVE;
				CLANG_WARN_UNREACHABLE_CODE = YES;
				CLANG_WARN__DUPLICATE_METHOD_MATCH = YES;
				COPY_PHASE_STRIP = NO;
				DEBUG_INFORMATION_FORMAT = dwarf;
				ENABLE_STRICT_OBJC_MSGSEND = YES;
				ENABLE_TESTABILITY = YES;
				ENABLE_USER_SCRIPT_SANDBOXING = YES;
				GCC_C_LANGUAGE_STANDARD = gnu17;
				GCC_DYNAMIC_NO_PIC = NO;
				GCC_NO_COMMON_BLOCKS = YES;
				GCC_OPTIMIZATION_LEVEL = 0;
				GCC_PREPROCESSOR_DEFINITIONS = (
					"DEBUG=1",
					"$(inherited)",
				);
				GCC_WARN_64_TO_32_BIT_CONVERSION = YES;
				GCC_WARN_ABOUT_RETURN_TYPE = YES_ERROR;
				GCC_WARN_UNDECLARED_SELECTOR = YES;
				GCC_WARN_UNINITIALIZED_AUTOS = YES_AGGRESSIVE;
				GCC_WARN_UNUSED_FUNCTION = YES;
				GCC_WARN_UNUSED_VARIABLE = YES;
				IPHONEOS_DEPLOYMENT_TARGET = 18.2;
				LOCALIZATION_PREFERS_STRING_CATALOGS = YES;
				MTL_ENABLE_DEBUG_INFO = INCLUDE_SOURCE;
				MTL_FAST_MATH = YES;
				ONLY_ACTIVE_ARCH = YES;
				SDKROOT = iphoneos;
				SWIFT_ACTIVE_COMPILATION_CONDITIONS = "DEBUG $(inherited)";
				SWIFT_OPTIMIZATION_LEVEL = "-Onone";
			};
			name = Debug;
		};
		16F247192D7C56950083F05A /* Release */ = {
			isa = XCBuildConfiguration;
			buildSettings = {
				ALWAYS_SEARCH_USER_PATHS = NO;
				ASSETCATALOG_COMPILER_GENERATE_SWIFT_ASSET_SYMBOL_EXTENSIONS = YES;
				CLANG_ANALYZER_NONNULL = YES;
				CLANG_ANALYZER_NUMBER_OBJECT_CONVERSION = YES_AGGRESSIVE;
				CLANG_CXX_LANGUAGE_STANDARD = "gnu++20";
				CLANG_ENABLE_MODULES = YES;
				CLANG_ENABLE_OBJC_ARC = YES;
				CLANG_ENABLE_OBJC_WEAK = YES;
				CLANG_WARN_BLOCK_CAPTURE_AUTORELEASING = YES;
				CLANG_WARN_BOOL_CONVERSION = YES;
				CLANG_WARN_COMMA = YES;
				CLANG_WARN_CONSTANT_CONVERSION = YES;
				CLANG_WARN_DEPRECATED_OBJC_IMPLEMENTATIONS = YES;
				CLANG_WARN_DIRECT_OBJC_ISA_USAGE = YES_ERROR;
				CLANG_WARN_DOCUMENTATION_COMMENTS = YES;
				CLANG_WARN_EMPTY_BODY = YES;
				CLANG_WARN_ENUM_CONVERSION = YES;
				CLANG_WARN_INFINITE_RECURSION = YES;
				CLANG_WARN_INT_CONVERSION = YES;
				CLANG_WARN_NON_LITERAL_NULL_CONVERSION = YES;
				CLANG_WARN_OBJC_IMPLICIT_RETAIN_SELF = YES;
				CLANG_WARN_OBJC_LITERAL_CONVERSION = YES;
				CLANG_WARN_OBJC_ROOT_CLASS = YES_ERROR;
				CLANG_WARN_QUOTED_INCLUDE_IN_FRAMEWORK_HEADER = YES;
				CLANG_WARN_RANGE_LOOP_ANALYSIS = YES;
				CLANG_WARN_STRICT_PROTOTYPES = YES;
				CLANG_WARN_SUSPICIOUS_MOVE = YES;
				CLANG_WARN_UNGUARDED_AVAILABILITY = YES_AGGRESSIVE;
				CLANG_WARN_UNREACHABLE_CODE = YES;
				CLANG_WARN__DUPLICATE_METHOD_MATCH = YES;
				COPY_PHASE_STRIP = NO;
				DEBUG_INFORMATION_FORMAT = "dwarf-with-dsym";
				ENABLE_NS_ASSERTIONS = NO;
				ENABLE_STRICT_OBJC_MSGSEND = YES;
				ENABLE_USER_SCRIPT_SANDBOXING = YES;
				GCC_C_LANGUAGE_STANDARD = gnu17;
				GCC_NO_COMMON_BLOCKS = YES;
				GCC_WARN_64_TO_32_BIT_CONVERSION = YES;
				GCC_WARN_ABOUT_RETURN_TYPE = YES_ERROR;
				GCC_WARN_UNDECLARED_SELECTOR = YES;
				GCC_WARN_UNINITIALIZED_AUTOS = YES_AGGRESSIVE;
				GCC_WARN_UNUSED_FUNCTION = YES;
				GCC_WARN_UNUSED_VARIABLE = YES;
				IPHONEOS_DEPLOYMENT_TARGET = 18.2;
				LOCALIZATION_PREFERS_STRING_CATALOGS = YES;
				MTL_ENABLE_DEBUG_INFO = NO;
				MTL_FAST_MATH = YES;
				SDKROOT = iphoneos;
				SWIFT_COMPILATION_MODE = wholemodule;
				VALIDATE_PRODUCT = YES;
			};
			name = Release;
		};
		16F2471B2D7C56950083F05A /* Debug */ = {
			isa = XCBuildConfiguration;
			buildSettings = {
				ASSETCATALOG_COMPILER_APPICON_NAME = AppIcon;
				ASSETCATALOG_COMPILER_GLOBAL_ACCENT_COLOR_NAME = AccentColor;
				CODE_SIGN_STYLE = Automatic;
				CURRENT_PROJECT_VERSION = 1;
				DEVELOPMENT_ASSET_PATHS = "\"InteractiveTabBar/Preview Content\"";
				ENABLE_PREVIEWS = YES;
				GENERATE_INFOPLIST_FILE = YES;
				INFOPLIST_KEY_UIApplicationSceneManifest_Generation = YES;
				INFOPLIST_KEY_UIApplicationSupportsIndirectInputEvents = YES;
				INFOPLIST_KEY_UILaunchScreen_Generation = YES;
				INFOPLIST_KEY_UISupportedInterfaceOrientations_iPad = "UIInterfaceOrientationPortrait UIInterfaceOrientationPortraitUpsideDown UIInterfaceOrientationLandscapeLeft UIInterfaceOrientationLandscapeRight";
				INFOPLIST_KEY_UISupportedInterfaceOrientations_iPhone = "UIInterfaceOrientationPortrait UIInterfaceOrientationLandscapeLeft UIInterfaceOrientationLandscapeRight";
				LD_RUNPATH_SEARCH_PATHS = (
					"$(inherited)",
					"@executable_path/Frameworks",
				);
				MARKETING_VERSION = 1.0;
				PRODUCT_BUNDLE_IDENTIFIER = com.hiroDaegu.InteractiveTabBar;
				PRODUCT_NAME = "$(TARGET_NAME)";
				SWIFT_EMIT_LOC_STRINGS = YES;
				SWIFT_VERSION = 5.0;
				TARGETED_DEVICE_FAMILY = "1,2";
			};
			name = Debug;
		};
		16F2471C2D7C56950083F05A /* Release */ = {
			isa = XCBuildConfiguration;
			buildSettings = {
				ASSETCATALOG_COMPILER_APPICON_NAME = AppIcon;
				ASSETCATALOG_COMPILER_GLOBAL_ACCENT_COLOR_NAME = AccentColor;
				CODE_SIGN_STYLE = Automatic;
				CURRENT_PROJECT_VERSION = 1;
				DEVELOPMENT_ASSET_PATHS = "\"InteractiveTabBar/Preview Content\"";
				ENABLE_PREVIEWS = YES;
				GENERATE_INFOPLIST_FILE = YES;
				INFOPLIST_KEY_UIApplicationSceneManifest_Generation = YES;
				INFOPLIST_KEY_UIApplicationSupportsIndirectInputEvents = YES;
				INFOPLIST_KEY_UILaunchScreen_Generation = YES;
				INFOPLIST_KEY_UISupportedInterfaceOrientations_iPad = "UIInterfaceOrientationPortrait UIInterfaceOrientationPortraitUpsideDown UIInterfaceOrientationLandscapeLeft UIInterfaceOrientationLandscapeRight";
				INFOPLIST_KEY_UISupportedInterfaceOrientations_iPhone = "UIInterfaceOrientationPortrait UIInterfaceOrientationLandscapeLeft UIInterfaceOrientationLandscapeRight";
				LD_RUNPATH_SEARCH_PATHS = (
					"$(inherited)",
					"@executable_path/Frameworks",
				);
				MARKETING_VERSION = 1.0;
				PRODUCT_BUNDLE_IDENTIFIER = com.hiroDaegu.InteractiveTabBar;
				PRODUCT_NAME = "$(TARGET_NAME)";
				SWIFT_EMIT_LOC_STRINGS = YES;
				SWIFT_VERSION = 5.0;
				TARGETED_DEVICE_FAMILY = "1,2";
			};
			name = Release;
		};
/* End XCBuildConfiguration section */

/* Begin XCConfigurationList section */
		16F247072D7C56930083F05A /* Build configuration list for PBXProject "InteractiveTabBar" */ = {
			isa = XCConfigurationList;
			buildConfigurations = (
				16F247182D7C56950083F05A /* Debug */,
				16F247192D7C56950083F05A /* Release */,
			);
			defaultConfigurationIsVisible = 0;
			defaultConfigurationName = Release;
		};
		16F2471A2D7C56950083F05A /* Build configuration list for PBXNativeTarget "InteractiveTabBar" */ = {
			isa = XCConfigurationList;
			buildConfigurations = (
				16F2471B2D7C56950083F05A /* Debug */,
				16F2471C2D7C56950083F05A /* Release */,
			);
			defaultConfigurationIsVisible = 0;
			defaultConfigurationName = Release;
		};
/* End XCConfigurationList section */
	};
	rootObject = 16F247042D7C56930083F05A /* Project object */;
}
